dependencies:
- name: hermes
  repository: http://127.0.0.1:8879/charts
  version: 0.7.0
- name: nomios
  repository: http://127.0.0.1:8879/charts
  version: 0.4.0
- name: cronus
  repository: http://127.0.0.1:8879/charts
  version: 0.1.1
digest: sha256:c172d21f3537ac418bcf48ea58c09b0c1ffff678590257cc580e617fa753e41c
generated: 2018-02-19T13:34:28.37367+02:00
