dependencies:
- name: hermes
  repository: http://127.0.0.1:8879/charts
  version: 0.8.0
- name: nomios
  repository: http://127.0.0.1:8879/charts
  version: 0.4.0
- name: cronus
  repository: http://127.0.0.1:8879/charts
  version: 0.1.1
digest: sha256:cda9fb196939d99fe9608e2d80668432e207038af08931735b604cfb99de17ee
generated: 2018-02-28T11:15:28.842897+02:00
